
Microsoft Visual Studio Solution File, Format Version 11.00
# Visual Studio 2010
Project("{FAE04EC0-301F-11D3-BF4B-00C04F79EFBC}") = "Bteam.NHibernate", "Bteam.NHibernate\Bteam.NHibernate.csproj", "{6FD7EB9B-D8FA-4E6C-A3CA-6A07F8210044}"
EndProject
Global
	GlobalSection(SolutionConfigurationPlatforms) = preSolution
		Debug|Any CPU = Debug|Any CPU
		Release|Any CPU = Release|Any CPU
	EndGlobalSection
	GlobalSection(ProjectConfigurationPlatforms) = postSolution
		{6FD7EB9B-D8FA-4E6C-A3CA-6A07F8210044}.Debug|Any CPU.ActiveCfg = Debug|Any CPU
		{6FD7EB9B-D8FA-4E6C-A3CA-6A07F8210044}.Debug|Any CPU.Build.0 = Debug|Any CPU
		{6FD7EB9B-D8FA-4E6C-A3CA-6A07F8210044}.Release|Any CPU.ActiveCfg = Release|Any CPU
		{6FD7EB9B-D8FA-4E6C-A3CA-6A07F8210044}.Release|Any CPU.Build.0 = Release|Any CPU
	EndGlobalSection
	GlobalSection(SolutionProperties) = preSolution
		HideSolutionNode = FALSE
	EndGlobalSection
EndGlobal
